
Microsoft Visual Studio Solution File, Format Version 12.00
# Visual Studio Version 17
VisualStudioVersion = 17.0.32014.148
MinimumVisualStudioVersion = 10.0.40219.1
Project("{FAE04EC0-301F-11D3-BF4B-00C04F79EFBC}") = "MethodsExercise", "MethodsExercise\MethodsExercise.csproj", "{78C9F489-07D2-43B3-9D33-3BB234EB54D8}"
EndProject
Global
	GlobalSection(SolutionConfigurationPlatforms) = preSolution
		Debug|Any CPU = Debug|Any CPU
		Release|Any CPU = Release|Any CPU
	EndGlobalSection
	GlobalSection(ProjectConfigurationPlatforms) = postSolution
		{78C9F489-07D2-43B3-9D33-3BB234EB54D8}.Debug|Any CPU.ActiveCfg = Debug|Any CPU
		{78C9F489-07D2-43B3-9D33-3BB234EB54D8}.Debug|Any CPU.Build.0 = Debug|Any CPU
		{78C9F489-07D2-43B3-9D33-3BB234EB54D8}.Release|Any CPU.ActiveCfg = Release|Any CPU
		{78C9F489-07D2-43B3-9D33-3BB234EB54D8}.Release|Any CPU.Build.0 = Release|Any CPU
	EndGlobalSection
	GlobalSection(SolutionProperties) = preSolution
		HideSolutionNode = FALSE
	EndGlobalSection
	GlobalSection(ExtensibilityGlobals) = postSolution
		SolutionGuid = {DB514E58-FA3E-4DDD-8465-BC0E263F3D9F}
	EndGlobalSection
EndGlobal
